{
    "version": 3,
    "terraform_version": "0.10.6",
    "serial": 4,
    "lineage": "b5a758bf-d05d-43d7-aa09-ebae8619bddc",
    "modules": [
        {
            "path": [
                "root"
            ],
            "outputs": {},
            "resources": {
                "azurerm_app_service.lsmith-terraform-1": {
                    "type": "azurerm_app_service",
                    "depends_on": [
                        "azurerm_app_service_plan.terraform_apps",
                        "azurerm_resource_group.terraform"
                    ],
                    "primary": {
                        "id": "/subscriptions/6cf50f7f-9776-4fdd-8ed0-2ebd4f644e39/resourceGroups/terraform/providers/Microsoft.Web/sites/lsmith-terraform-1",
                        "attributes": {
                            "app_service_plan_id": "/subscriptions/6cf50f7f-9776-4fdd-8ed0-2ebd4f644e39/resourceGroups/terraform/providers/Microsoft.Web/serverfarms/terraform_apps",
                            "app_settings.%": "1",
                            "app_settings.WEBSITE_NODE_DEFAULT_VERSION": "6.9.1",
                            "client_affinity_enabled": "true",
                            "connection_string.#": "0",
                            "enabled": "true",
                            "id": "/subscriptions/6cf50f7f-9776-4fdd-8ed0-2ebd4f644e39/resourceGroups/terraform/providers/Microsoft.Web/sites/lsmith-terraform-1",
                            "location": "eastus",
                            "name": "lsmith-terraform-1",
                            "resource_group_name": "terraform",
                            "site_config.#": "1",
                            "site_config.0.always_on": "false",
                            "site_config.0.default_documents.#": "0",
                            "site_config.0.dotnet_framework_version": "v4.0",
                            "site_config.0.java_container": "",
                            "site_config.0.java_container_version": "",
                            "site_config.0.java_version": "",
                            "site_config.0.local_mysql_enabled": "false",
                            "site_config.0.managed_pipeline_mode": "Integrated",
                            "site_config.0.php_version": "",
                            "site_config.0.python_version": "",
                            "site_config.0.remote_debugging_enabled": "false",
                            "site_config.0.remote_debugging_version": "VS2012",
                            "site_config.0.use_32_bit_worker_process": "false",
                            "site_config.0.websockets_enabled": "false",
                            "tags.%": "0"
                        },
                        "meta": {},
                        "tainted": false
                    },
                    "deposed": [],
                    "provider": ""
                },
                "azurerm_app_service.lsmith-terraform-2": {
                    "type": "azurerm_app_service",
                    "depends_on": [
                        "azurerm_app_service_plan.terraform_apps",
                        "azurerm_resource_group.terraform"
                    ],
                    "primary": {
                        "id": "/subscriptions/6cf50f7f-9776-4fdd-8ed0-2ebd4f644e39/resourceGroups/terraform/providers/Microsoft.Web/sites/lsmith-terraform-2",
                        "attributes": {
                            "app_service_plan_id": "/subscriptions/6cf50f7f-9776-4fdd-8ed0-2ebd4f644e39/resourceGroups/terraform/providers/Microsoft.Web/serverfarms/terraform_apps",
                            "app_settings.%": "1",
                            "app_settings.WEBSITE_NODE_DEFAULT_VERSION": "6.9.1",
                            "client_affinity_enabled": "true",
                            "connection_string.#": "0",
                            "enabled": "true",
                            "id": "/subscriptions/6cf50f7f-9776-4fdd-8ed0-2ebd4f644e39/resourceGroups/terraform/providers/Microsoft.Web/sites/lsmith-terraform-2",
                            "location": "eastus",
                            "name": "lsmith-terraform-2",
                            "resource_group_name": "terraform",
                            "site_config.#": "1",
                            "site_config.0.always_on": "false",
                            "site_config.0.default_documents.#": "0",
                            "site_config.0.dotnet_framework_version": "v4.0",
                            "site_config.0.java_container": "",
                            "site_config.0.java_container_version": "",
                            "site_config.0.java_version": "",
                            "site_config.0.local_mysql_enabled": "false",
                            "site_config.0.managed_pipeline_mode": "Integrated",
                            "site_config.0.php_version": "",
                            "site_config.0.python_version": "",
                            "site_config.0.remote_debugging_enabled": "false",
                            "site_config.0.remote_debugging_version": "VS2012",
                            "site_config.0.use_32_bit_worker_process": "false",
                            "site_config.0.websockets_enabled": "false",
                            "tags.%": "0"
                        },
                        "meta": {},
                        "tainted": false
                    },
                    "deposed": [],
                    "provider": ""
                },
                "azurerm_app_service_plan.terraform_apps": {
                    "type": "azurerm_app_service_plan",
                    "depends_on": [
                        "azurerm_resource_group.terraform"
                    ],
                    "primary": {
                        "id": "/subscriptions/6cf50f7f-9776-4fdd-8ed0-2ebd4f644e39/resourceGroups/terraform/providers/Microsoft.Web/serverfarms/terraform_apps",
                        "attributes": {
                            "id": "/subscriptions/6cf50f7f-9776-4fdd-8ed0-2ebd4f644e39/resourceGroups/terraform/providers/Microsoft.Web/serverfarms/terraform_apps",
                            "kind": "Windows",
                            "location": "eastus",
                            "maximum_number_of_workers": "10",
                            "name": "terraform_apps",
                            "properties.#": "1",
                            "properties.0.per_site_scaling": "false",
                            "properties.0.reserved": "false",
                            "resource_group_name": "terraform",
                            "sku.#": "1",
                            "sku.0.capacity": "1",
                            "sku.0.size": "S1",
                            "sku.0.tier": "Standard",
                            "tags.%": "0"
                        },
                        "meta": {},
                        "tainted": false
                    },
                    "deposed": [],
                    "provider": ""
                },
                "azurerm_resource_group.terraform": {
                    "type": "azurerm_resource_group",
                    "depends_on": [],
                    "primary": {
                        "id": "/subscriptions/6cf50f7f-9776-4fdd-8ed0-2ebd4f644e39/resourceGroups/terraform",
                        "attributes": {
                            "id": "/subscriptions/6cf50f7f-9776-4fdd-8ed0-2ebd4f644e39/resourceGroups/terraform",
                            "location": "eastus",
                            "name": "terraform",
                            "tags.%": "0"
                        },
                        "meta": {},
                        "tainted": false
                    },
                    "deposed": [],
                    "provider": ""
                }
            },
            "depends_on": []
        }
    ]
}
